// !$*UTF8*$!
{
	archiveVersion = 1;
	classes = {
	};
	objectVersion = 52;
	objects = {

/* Begin PBXBuildFile section */
		0072D02227A77E300096D33C /* Data in Resources */ = {isa = PBXBuildFile; fileRef = 0072D02127A77E300096D33C /* Data */; };
		009F744D27A9204B00580D62 /* HymnList.swift in Sources */ = {isa = PBXBuildFile; fileRef = 009F744C27A9204B00580D62 /* HymnList.swift */; };
		C304781A27B776A10050F755 /* Music in Resources */ = {isa = PBXBuildFile; fileRef = C304781927B776A10050F755 /* Music */; };
		C38F376F26B3CE2D002603EA /* GP_HymnalApp.swift in Sources */ = {isa = PBXBuildFile; fileRef = C38F376E26B3CE2D002603EA /* GP_HymnalApp.swift */; };
		C38F377126B3CE2D002603EA /* ContentView.swift in Sources */ = {isa = PBXBuildFile; fileRef = C38F377026B3CE2D002603EA /* ContentView.swift */; };
		C38F377326B3CE2E002603EA /* Assets.xcassets in Resources */ = {isa = PBXBuildFile; fileRef = C38F377226B3CE2E002603EA /* Assets.xcassets */; };
		C38F377626B3CE2E002603EA /* Preview Assets.xcassets in Resources */ = {isa = PBXBuildFile; fileRef = C38F377526B3CE2E002603EA /* Preview Assets.xcassets */; };
		C38F377E26B3CEA2002603EA /* Hymn.swift in Sources */ = {isa = PBXBuildFile; fileRef = C38F377D26B3CEA2002603EA /* Hymn.swift */; };
		C38F378026B3D04D002603EA /* DetailsView.swift in Sources */ = {isa = PBXBuildFile; fileRef = C38F377F26B3D04D002603EA /* DetailsView.swift */; };
		C3F7CCB727A887A000B54E5C /* Siren in Frameworks */ = {isa = PBXBuildFile; productRef = C3F7CCB627A887A000B54E5C /* Siren */; };
/* End PBXBuildFile section */

/* Begin PBXFileReference section */
		0072D02127A77E300096D33C /* Data */ = {isa = PBXFileReference; lastKnownFileType = folder; path = Data; sourceTree = "<group>"; };
		009F744C27A9204B00580D62 /* HymnList.swift */ = {isa = PBXFileReference; lastKnownFileType = sourcecode.swift; path = HymnList.swift; sourceTree = "<group>"; };
		C304781927B776A10050F755 /* Music */ = {isa = PBXFileReference; lastKnownFileType = folder; path = Music; sourceTree = "<group>"; };
		C38F376B26B3CE2D002603EA /* GP Hymnal.app */ = {isa = PBXFileReference; explicitFileType = wrapper.application; includeInIndex = 0; path = "GP Hymnal.app"; sourceTree = BUILT_PRODUCTS_DIR; };
		C38F376E26B3CE2D002603EA /* GP_HymnalApp.swift */ = {isa = PBXFileReference; lastKnownFileType = sourcecode.swift; path = GP_HymnalApp.swift; sourceTree = "<group>"; };
		C38F377026B3CE2D002603EA /* ContentView.swift */ = {isa = PBXFileReference; indentWidth = 0; lastKnownFileType = sourcecode.swift; path = ContentView.swift; sourceTree = "<group>"; tabWidth = 1; usesTabs = 0; wrapsLines = 0; };
		C38F377226B3CE2E002603EA /* Assets.xcassets */ = {isa = PBXFileReference; lastKnownFileType = folder.assetcatalog; path = Assets.xcassets; sourceTree = "<group>"; };
		C38F377526B3CE2E002603EA /* Preview Assets.xcassets */ = {isa = PBXFileReference; lastKnownFileType = folder.assetcatalog; path = "Preview Assets.xcassets"; sourceTree = "<group>"; };
		C38F377726B3CE2E002603EA /* Info.plist */ = {isa = PBXFileReference; lastKnownFileType = text.plist.xml; path = Info.plist; sourceTree = "<group>"; };
		C38F377D26B3CEA2002603EA /* Hymn.swift */ = {isa = PBXFileReference; lastKnownFileType = sourcecode.swift; path = Hymn.swift; sourceTree = "<group>"; };
		C38F377F26B3D04D002603EA /* DetailsView.swift */ = {isa = PBXFileReference; lastKnownFileType = sourcecode.swift; path = DetailsView.swift; sourceTree = "<group>"; };
/* End PBXFileReference section */

/* Begin PBXFrameworksBuildPhase section */
		C38F376826B3CE2D002603EA /* Frameworks */ = {
			isa = PBXFrameworksBuildPhase;
			buildActionMask = 2147483647;
			files = (
				C3F7CCB727A887A000B54E5C /* Siren in Frameworks */,
			);
			runOnlyForDeploymentPostprocessing = 0;
		};
/* End PBXFrameworksBuildPhase section */

/* Begin PBXGroup section */
		C38F376226B3CE2D002603EA = {
			isa = PBXGroup;
			children = (
				C38F376D26B3CE2D002603EA /* GP Hymnal */,
				C38F376C26B3CE2D002603EA /* Products */,
			);
			sourceTree = "<group>";
		};
		C38F376C26B3CE2D002603EA /* Products */ = {
			isa = PBXGroup;
			children = (
				C38F376B26B3CE2D002603EA /* GP Hymnal.app */,
			);
			name = Products;
			sourceTree = "<group>";
		};
		C38F376D26B3CE2D002603EA /* GP Hymnal */ = {
			isa = PBXGroup;
			children = (
				C304781927B776A10050F755 /* Music */,
				0072D02127A77E300096D33C /* Data */,
				C38F376E26B3CE2D002603EA /* GP_HymnalApp.swift */,
				C38F377026B3CE2D002603EA /* ContentView.swift */,
				C38F377F26B3D04D002603EA /* DetailsView.swift */,
				C38F377D26B3CEA2002603EA /* Hymn.swift */,
				009F744C27A9204B00580D62 /* HymnList.swift */,
				C38F377226B3CE2E002603EA /* Assets.xcassets */,
				C38F377726B3CE2E002603EA /* Info.plist */,
				C38F377426B3CE2E002603EA /* Preview Content */,
			);
			path = "GP Hymnal";
			sourceTree = "<group>";
		};
		C38F377426B3CE2E002603EA /* Preview Content */ = {
			isa = PBXGroup;
			children = (
				C38F377526B3CE2E002603EA /* Preview Assets.xcassets */,
			);
			path = "Preview Content";
			sourceTree = "<group>";
		};
/* End PBXGroup section */

/* Begin PBXNativeTarget section */
		C38F376A26B3CE2D002603EA /* GP Hymnal */ = {
			isa = PBXNativeTarget;
			buildConfigurationList = C38F377A26B3CE2E002603EA /* Build configuration list for PBXNativeTarget "GP Hymnal" */;
			buildPhases = (
				C38F376726B3CE2D002603EA /* Sources */,
				C38F376826B3CE2D002603EA /* Frameworks */,
				C38F376926B3CE2D002603EA /* Resources */,
			);
			buildRules = (
			);
			dependencies = (
			);
			name = "GP Hymnal";
			packageProductDependencies = (
				C3F7CCB627A887A000B54E5C /* Siren */,
			);
			productName = "GP Hymnal";
			productReference = C38F376B26B3CE2D002603EA /* GP Hymnal.app */;
			productType = "com.apple.product-type.application";
		};
/* End PBXNativeTarget section */

/* Begin PBXProject section */
		C38F376326B3CE2D002603EA /* Project object */ = {
			isa = PBXProject;
			attributes = {
				LastSwiftUpdateCheck = 1250;
				LastUpgradeCheck = 1250;
				TargetAttributes = {
					C38F376A26B3CE2D002603EA = {
						CreatedOnToolsVersion = 12.5.1;
					};
				};
			};
			buildConfigurationList = C38F376626B3CE2D002603EA /* Build configuration list for PBXProject "GP Hymnal" */;
			compatibilityVersion = "Xcode 9.3";
			developmentRegion = en;
			hasScannedForEncodings = 0;
			knownRegions = (
				en,
				Base,
			);
			mainGroup = C38F376226B3CE2D002603EA;
			packageReferences = (
				C3F7CCB527A887A000B54E5C /* XCRemoteSwiftPackageReference "Siren" */,
			);
			productRefGroup = C38F376C26B3CE2D002603EA /* Products */;
			projectDirPath = "";
			projectRoot = "";
			targets = (
				C38F376A26B3CE2D002603EA /* GP Hymnal */,
			);
		};
/* End PBXProject section */

/* Begin PBXResourcesBuildPhase section */
		C38F376926B3CE2D002603EA /* Resources */ = {
			isa = PBXResourcesBuildPhase;
			buildActionMask = 2147483647;
			files = (
				C38F377626B3CE2E002603EA /* Preview Assets.xcassets in Resources */,
				C38F377326B3CE2E002603EA /* Assets.xcassets in Resources */,
				C304781A27B776A10050F755 /* Music in Resources */,
				0072D02227A77E300096D33C /* Data in Resources */,
			);
			runOnlyForDeploymentPostprocessing = 0;
		};
/* End PBXResourcesBuildPhase section */

/* Begin PBXSourcesBuildPhase section */
		C38F376726B3CE2D002603EA /* Sources */ = {
			isa = PBXSourcesBuildPhase;
			buildActionMask = 2147483647;
			files = (
				C38F377126B3CE2D002603EA /* ContentView.swift in Sources */,
				009F744D27A9204B00580D62 /* HymnList.swift in Sources */,
				C38F378026B3D04D002603EA /* DetailsView.swift in Sources */,
				C38F376F26B3CE2D002603EA /* GP_HymnalApp.swift in Sources */,
				C38F377E26B3CEA2002603EA /* Hymn.swift in Sources */,
			);
			runOnlyForDeploymentPostprocessing = 0;
		};
/* End PBXSourcesBuildPhase section */

/* Begin XCBuildConfiguration section */
		C38F377826B3CE2E002603EA /* Debug */ = {
			isa = XCBuildConfiguration;
			buildSettings = {
				ALWAYS_SEARCH_USER_PATHS = NO;
				CLANG_ANALYZER_NONNULL = YES;
				CLANG_ANALYZER_NUMBER_OBJECT_CONVERSION = YES_AGGRESSIVE;
				CLANG_CXX_LANGUAGE_STANDARD = "gnu++14";
				CLANG_CXX_LIBRARY = "libc++";
				CLANG_ENABLE_MODULES = YES;
				CLANG_ENABLE_OBJC_ARC = YES;
				CLANG_ENABLE_OBJC_WEAK = YES;
				CLANG_WARN_BLOCK_CAPTURE_AUTORELEASING = YES;
				CLANG_WARN_BOOL_CONVERSION = YES;
				CLANG_WARN_COMMA = YES;
				CLANG_WARN_CONSTANT_CONVERSION = YES;
				CLANG_WARN_DEPRECATED_OBJC_IMPLEMENTATIONS = YES;
				CLANG_WARN_DIRECT_OBJC_ISA_USAGE = YES_ERROR;
				CLANG_WARN_DOCUMENTATION_COMMENTS = YES;
				CLANG_WARN_EMPTY_BODY = YES;
				CLANG_WARN_ENUM_CONVERSION = YES;
				CLANG_WARN_INFINITE_RECURSION = YES;
				CLANG_WARN_INT_CONVERSION = YES;
				CLANG_WARN_NON_LITERAL_NULL_CONVERSION = YES;
				CLANG_WARN_OBJC_IMPLICIT_RETAIN_SELF = YES;
				CLANG_WARN_OBJC_LITERAL_CONVERSION = YES;
				CLANG_WARN_OBJC_ROOT_CLASS = YES_ERROR;
				CLANG_WARN_QUOTED_INCLUDE_IN_FRAMEWORK_HEADER = YES;
				CLANG_WARN_RANGE_LOOP_ANALYSIS = YES;
				CLANG_WARN_STRICT_PROTOTYPES = YES;
				CLANG_WARN_SUSPICIOUS_MOVE = YES;
				CLANG_WARN_UNGUARDED_AVAILABILITY = YES_AGGRESSIVE;
				CLANG_WARN_UNREACHABLE_CODE = YES;
				CLANG_WARN__DUPLICATE_METHOD_MATCH = YES;
				COPY_PHASE_STRIP = NO;
				DEBUG_INFORMATION_FORMAT = dwarf;
				ENABLE_STRICT_OBJC_MSGSEND = YES;
				ENABLE_TESTABILITY = YES;
				GCC_C_LANGUAGE_STANDARD = gnu11;
				GCC_DYNAMIC_NO_PIC = NO;
				GCC_NO_COMMON_BLOCKS = YES;
				GCC_OPTIMIZATION_LEVEL = 0;
				GCC_PREPROCESSOR_DEFINITIONS = (
					"DEBUG=1",
					"$(inherited)",
				);
				GCC_WARN_64_TO_32_BIT_CONVERSION = YES;
				GCC_WARN_ABOUT_RETURN_TYPE = YES_ERROR;
				GCC_WARN_UNDECLARED_SELECTOR = YES;
				GCC_WARN_UNINITIALIZED_AUTOS = YES_AGGRESSIVE;
				GCC_WARN_UNUSED_FUNCTION = YES;
				GCC_WARN_UNUSED_VARIABLE = YES;
				IPHONEOS_DEPLOYMENT_TARGET = 14.5;
				MTL_ENABLE_DEBUG_INFO = INCLUDE_SOURCE;
				MTL_FAST_MATH = YES;
				ONLY_ACTIVE_ARCH = YES;
				SDKROOT = iphoneos;
				SWIFT_ACTIVE_COMPILATION_CONDITIONS = DEBUG;
				SWIFT_OPTIMIZATION_LEVEL = "-Onone";
			};
			name = Debug;
		};
		C38F377926B3CE2E002603EA /* Release */ = {
			isa = XCBuildConfiguration;
			buildSettings = {
				ALWAYS_SEARCH_USER_PATHS = NO;
				CLANG_ANALYZER_NONNULL = YES;
				CLANG_ANALYZER_NUMBER_OBJECT_CONVERSION = YES_AGGRESSIVE;
				CLANG_CXX_LANGUAGE_STANDARD = "gnu++14";
				CLANG_CXX_LIBRARY = "libc++";
				CLANG_ENABLE_MODULES = YES;
				CLANG_ENABLE_OBJC_ARC = YES;
				CLANG_ENABLE_OBJC_WEAK = YES;
				CLANG_WARN_BLOCK_CAPTURE_AUTORELEASING = YES;
				CLANG_WARN_BOOL_CONVERSION = YES;
				CLANG_WARN_COMMA = YES;
				CLANG_WARN_CONSTANT_CONVERSION = YES;
				CLANG_WARN_DEPRECATED_OBJC_IMPLEMENTATIONS = YES;
				CLANG_WARN_DIRECT_OBJC_ISA_USAGE = YES_ERROR;
				CLANG_WARN_DOCUMENTATION_COMMENTS = YES;
				CLANG_WARN_EMPTY_BODY = YES;
				CLANG_WARN_ENUM_CONVERSION = YES;
				CLANG_WARN_INFINITE_RECURSION = YES;
				CLANG_WARN_INT_CONVERSION = YES;
				CLANG_WARN_NON_LITERAL_NULL_CONVERSION = YES;
				CLANG_WARN_OBJC_IMPLICIT_RETAIN_SELF = YES;
				CLANG_WARN_OBJC_LITERAL_CONVERSION = YES;
				CLANG_WARN_OBJC_ROOT_CLASS = YES_ERROR;
				CLANG_WARN_QUOTED_INCLUDE_IN_FRAMEWORK_HEADER = YES;
				CLANG_WARN_RANGE_LOOP_ANALYSIS = YES;
				CLANG_WARN_STRICT_PROTOTYPES = YES;
				CLANG_WARN_SUSPICIOUS_MOVE = YES;
				CLANG_WARN_UNGUARDED_AVAILABILITY = YES_AGGRESSIVE;
				CLANG_WARN_UNREACHABLE_CODE = YES;
				CLANG_WARN__DUPLICATE_METHOD_MATCH = YES;
				COPY_PHASE_STRIP = NO;
				DEBUG_INFORMATION_FORMAT = "dwarf-with-dsym";
				ENABLE_NS_ASSERTIONS = NO;
				ENABLE_STRICT_OBJC_MSGSEND = YES;
				GCC_C_LANGUAGE_STANDARD = gnu11;
				GCC_NO_COMMON_BLOCKS = YES;
				GCC_WARN_64_TO_32_BIT_CONVERSION = YES;
				GCC_WARN_ABOUT_RETURN_TYPE = YES_ERROR;
				GCC_WARN_UNDECLARED_SELECTOR = YES;
				GCC_WARN_UNINITIALIZED_AUTOS = YES_AGGRESSIVE;
				GCC_WARN_UNUSED_FUNCTION = YES;
				GCC_WARN_UNUSED_VARIABLE = YES;
				IPHONEOS_DEPLOYMENT_TARGET = 14.5;
				MTL_ENABLE_DEBUG_INFO = NO;
				MTL_FAST_MATH = YES;
				SDKROOT = iphoneos;
				SWIFT_COMPILATION_MODE = wholemodule;
				SWIFT_OPTIMIZATION_LEVEL = "-O";
				VALIDATE_PRODUCT = YES;
			};
			name = Release;
		};
		C38F377B26B3CE2E002603EA /* Debug */ = {
			isa = XCBuildConfiguration;
			buildSettings = {
				ASSETCATALOG_COMPILER_APPICON_NAME = AppIcon;
				ASSETCATALOG_COMPILER_GLOBAL_ACCENT_COLOR_NAME = AccentColor;
				CODE_SIGN_STYLE = Automatic;
				CURRENT_PROJECT_VERSION = 2022.0214;
				DEVELOPMENT_ASSET_PATHS = "\"GP Hymnal/Preview Content\"";
				DEVELOPMENT_TEAM = H8GJFMYWKH;
				ENABLE_PREVIEWS = YES;
				INFOPLIST_FILE = "GP Hymnal/Info.plist";
				IPHONEOS_DEPLOYMENT_TARGET = 14.0;
				LD_RUNPATH_SEARCH_PATHS = (
					"$(inherited)",
					"@executable_path/Frameworks",
				);
				MARKETING_VERSION = 0.0.7;
				PRODUCT_BUNDLE_IDENTIFIER = "org.gracepointonline.GP-Hymnal";
				PRODUCT_NAME = "$(TARGET_NAME)";
				SWIFT_VERSION = 5.0;
				TARGETED_DEVICE_FAMILY = "1,2";
			};
			name = Debug;
		};
		C38F377C26B3CE2E002603EA /* Release */ = {
			isa = XCBuildConfiguration;
			buildSettings = {
				ASSETCATALOG_COMPILER_APPICON_NAME = AppIcon;
				ASSETCATALOG_COMPILER_GLOBAL_ACCENT_COLOR_NAME = AccentColor;
				CODE_SIGN_STYLE = Automatic;
				CURRENT_PROJECT_VERSION = 2022.0214;
				DEVELOPMENT_ASSET_PATHS = "\"GP Hymnal/Preview Content\"";
				DEVELOPMENT_TEAM = H8GJFMYWKH;
				ENABLE_PREVIEWS = YES;
				INFOPLIST_FILE = "GP Hymnal/Info.plist";
				IPHONEOS_DEPLOYMENT_TARGET = 14.0;
				LD_RUNPATH_SEARCH_PATHS = (
					"$(inherited)",
					"@executable_path/Frameworks",
				);
				MARKETING_VERSION = 0.0.7;
				PRODUCT_BUNDLE_IDENTIFIER = "org.gracepointonline.GP-Hymnal";
				PRODUCT_NAME = "$(TARGET_NAME)";
				SWIFT_VERSION = 5.0;
				TARGETED_DEVICE_FAMILY = "1,2";
			};
			name = Release;
		};
/* End XCBuildConfiguration section */

/* Begin XCConfigurationList section */
		C38F376626B3CE2D002603EA /* Build configuration list for PBXProject "GP Hymnal" */ = {
			isa = XCConfigurationList;
			buildConfigurations = (
				C38F377826B3CE2E002603EA /* Debug */,
				C38F377926B3CE2E002603EA /* Release */,
			);
			defaultConfigurationIsVisible = 0;
			defaultConfigurationName = Release;
		};
		C38F377A26B3CE2E002603EA /* Build configuration list for PBXNativeTarget "GP Hymnal" */ = {
			isa = XCConfigurationList;
			buildConfigurations = (
				C38F377B26B3CE2E002603EA /* Debug */,
				C38F377C26B3CE2E002603EA /* Release */,
			);
			defaultConfigurationIsVisible = 0;
			defaultConfigurationName = Release;
		};
/* End XCConfigurationList section */

/* Begin XCRemoteSwiftPackageReference section */
		C3F7CCB527A887A000B54E5C /* XCRemoteSwiftPackageReference "Siren" */ = {
			isa = XCRemoteSwiftPackageReference;
			repositoryURL = "https://github.com/ArtSabintsev/Siren.git";
			requirement = {
				kind = upToNextMajorVersion;
				minimumVersion = 5.0.0;
			};
		};
/* End XCRemoteSwiftPackageReference section */

/* Begin XCSwiftPackageProductDependency section */
		C3F7CCB627A887A000B54E5C /* Siren */ = {
			isa = XCSwiftPackageProductDependency;
			package = C3F7CCB527A887A000B54E5C /* XCRemoteSwiftPackageReference "Siren" */;
			productName = Siren;
		};
/* End XCSwiftPackageProductDependency section */
	};
	rootObject = C38F376326B3CE2D002603EA /* Project object */;
}
